
Microsoft Visual Studio Solution File, Format Version 12.00
# Visual Studio Version 17
VisualStudioVersion = 17.10.35004.147
MinimumVisualStudioVersion = 10.0.40219.1
Project("{F184B08F-C81C-45F6-A57F-5ABD9991F28F}") = "FormApplication", "FormApplication\FormApplication.vbproj", "{32D8B68F-B1CC-419F-8C05-63D359C271AB}"
EndProject
Global
	GlobalSection(SolutionConfigurationPlatforms) = preSolution
		Debug|Any CPU = Debug|Any CPU
		Release|Any CPU = Release|Any CPU
	EndGlobalSection
	GlobalSection(ProjectConfigurationPlatforms) = postSolution
		{32D8B68F-B1CC-419F-8C05-63D359C271AB}.Debug|Any CPU.ActiveCfg = Debug|Any CPU
		{32D8B68F-B1CC-419F-8C05-63D359C271AB}.Debug|Any CPU.Build.0 = Debug|Any CPU
		{32D8B68F-B1CC-419F-8C05-63D359C271AB}.Release|Any CPU.ActiveCfg = Release|Any CPU
		{32D8B68F-B1CC-419F-8C05-63D359C271AB}.Release|Any CPU.Build.0 = Release|Any CPU
	EndGlobalSection
	GlobalSection(SolutionProperties) = preSolution
		HideSolutionNode = FALSE
	EndGlobalSection
	GlobalSection(ExtensibilityGlobals) = postSolution
		SolutionGuid = {177809E5-CF1E-49C2-A639-A29AF3713947}
	EndGlobalSection
EndGlobal
